// !$*UTF8*$!
{
	archiveVersion = 1;
	classes = {
	};
	objectVersion = 50;
	objects = {

/* Begin PBXBuildFile section */
		D08EBA6021F9FA5200B63F02 /* AppDelegate.swift in Sources */ = {isa = PBXBuildFile; fileRef = D08EBA5F21F9FA5200B63F02 /* AppDelegate.swift */; };
		D08EBA6221F9FA5200B63F02 /* ViewController.swift in Sources */ = {isa = PBXBuildFile; fileRef = D08EBA6121F9FA5200B63F02 /* ViewController.swift */; };
		D08EBA6521F9FA5200B63F02 /* Main.storyboard in Resources */ = {isa = PBXBuildFile; fileRef = D08EBA6321F9FA5200B63F02 /* Main.storyboard */; };
		D08EBA6721F9FA5300B63F02 /* Assets.xcassets in Resources */ = {isa = PBXBuildFile; fileRef = D08EBA6621F9FA5300B63F02 /* Assets.xcassets */; };
		D08EBA6A21F9FA5300B63F02 /* LaunchScreen.storyboard in Resources */ = {isa = PBXBuildFile; fileRef = D08EBA6821F9FA5300B63F02 /* LaunchScreen.storyboard */; };
		D08EBA7521F9FA5300B63F02 /* QuizTests.swift in Sources */ = {isa = PBXBuildFile; fileRef = D08EBA7421F9FA5300B63F02 /* QuizTests.swift */; };
		D08EBA8021F9FA5300B63F02 /* QuizUITests.swift in Sources */ = {isa = PBXBuildFile; fileRef = D08EBA7F21F9FA5300B63F02 /* QuizUITests.swift */; };
/* End PBXBuildFile section */

/* Begin PBXContainerItemProxy section */
		D08EBA7121F9FA5300B63F02 /* PBXContainerItemProxy */ = {
			isa = PBXContainerItemProxy;
			containerPortal = D08EBA5421F9FA5100B63F02 /* Project object */;
			proxyType = 1;
			remoteGlobalIDString = D08EBA5B21F9FA5100B63F02;
			remoteInfo = Quiz;
		};
		D08EBA7C21F9FA5300B63F02 /* PBXContainerItemProxy */ = {
			isa = PBXContainerItemProxy;
			containerPortal = D08EBA5421F9FA5100B63F02 /* Project object */;
			proxyType = 1;
			remoteGlobalIDString = D08EBA5B21F9FA5100B63F02;
			remoteInfo = Quiz;
		};
/* End PBXContainerItemProxy section */

/* Begin PBXFileReference section */
		D08EBA5C21F9FA5200B63F02 /* Quiz.app */ = {isa = PBXFileReference; explicitFileType = wrapper.application; includeInIndex = 0; path = Quiz.app; sourceTree = BUILT_PRODUCTS_DIR; };
		D08EBA5F21F9FA5200B63F02 /* AppDelegate.swift */ = {isa = PBXFileReference; lastKnownFileType = sourcecode.swift; path = AppDelegate.swift; sourceTree = "<group>"; };
		D08EBA6121F9FA5200B63F02 /* ViewController.swift */ = {isa = PBXFileReference; lastKnownFileType = sourcecode.swift; path = ViewController.swift; sourceTree = "<group>"; };
		D08EBA6421F9FA5200B63F02 /* Base */ = {isa = PBXFileReference; lastKnownFileType = file.storyboard; name = Base; path = Base.lproj/Main.storyboard; sourceTree = "<group>"; };
		D08EBA6621F9FA5300B63F02 /* Assets.xcassets */ = {isa = PBXFileReference; lastKnownFileType = folder.assetcatalog; path = Assets.xcassets; sourceTree = "<group>"; };
		D08EBA6921F9FA5300B63F02 /* Base */ = {isa = PBXFileReference; lastKnownFileType = file.storyboard; name = Base; path = Base.lproj/LaunchScreen.storyboard; sourceTree = "<group>"; };
		D08EBA6B21F9FA5300B63F02 /* Info.plist */ = {isa = PBXFileReference; lastKnownFileType = text.plist.xml; path = Info.plist; sourceTree = "<group>"; };
		D08EBA7021F9FA5300B63F02 /* QuizTests.xctest */ = {isa = PBXFileReference; explicitFileType = wrapper.cfbundle; includeInIndex = 0; path = QuizTests.xctest; sourceTree = BUILT_PRODUCTS_DIR; };
		D08EBA7421F9FA5300B63F02 /* QuizTests.swift */ = {isa = PBXFileReference; lastKnownFileType = sourcecode.swift; path = QuizTests.swift; sourceTree = "<group>"; };
		D08EBA7621F9FA5300B63F02 /* Info.plist */ = {isa = PBXFileReference; lastKnownFileType = text.plist.xml; path = Info.plist; sourceTree = "<group>"; };
		D08EBA7B21F9FA5300B63F02 /* QuizUITests.xctest */ = {isa = PBXFileReference; explicitFileType = wrapper.cfbundle; includeInIndex = 0; path = QuizUITests.xctest; sourceTree = BUILT_PRODUCTS_DIR; };
		D08EBA7F21F9FA5300B63F02 /* QuizUITests.swift */ = {isa = PBXFileReference; lastKnownFileType = sourcecode.swift; path = QuizUITests.swift; sourceTree = "<group>"; };
		D08EBA8121F9FA5300B63F02 /* Info.plist */ = {isa = PBXFileReference; lastKnownFileType = text.plist.xml; path = Info.plist; sourceTree = "<group>"; };
/* End PBXFileReference section */

/* Begin PBXFrameworksBuildPhase section */
		D08EBA5921F9FA5100B63F02 /* Frameworks */ = {
			isa = PBXFrameworksBuildPhase;
			buildActionMask = 2147483647;
			files = (
			);
			runOnlyForDeploymentPostprocessing = 0;
		};
		D08EBA6D21F9FA5300B63F02 /* Frameworks */ = {
			isa = PBXFrameworksBuildPhase;
			buildActionMask = 2147483647;
			files = (
			);
			runOnlyForDeploymentPostprocessing = 0;
		};
		D08EBA7821F9FA5300B63F02 /* Frameworks */ = {
			isa = PBXFrameworksBuildPhase;
			buildActionMask = 2147483647;
			files = (
			);
			runOnlyForDeploymentPostprocessing = 0;
		};
/* End PBXFrameworksBuildPhase section */

/* Begin PBXGroup section */
		D08EBA5321F9FA5100B63F02 = {
			isa = PBXGroup;
			children = (
				D08EBA5E21F9FA5200B63F02 /* Quiz */,
				D08EBA7321F9FA5300B63F02 /* QuizTests */,
				D08EBA7E21F9FA5300B63F02 /* QuizUITests */,
				D08EBA5D21F9FA5200B63F02 /* Products */,
			);
			sourceTree = "<group>";
		};
		D08EBA5D21F9FA5200B63F02 /* Products */ = {
			isa = PBXGroup;
			children = (
				D08EBA5C21F9FA5200B63F02 /* Quiz.app */,
				D08EBA7021F9FA5300B63F02 /* QuizTests.xctest */,
				D08EBA7B21F9FA5300B63F02 /* QuizUITests.xctest */,
			);
			name = Products;
			sourceTree = "<group>";
		};
		D08EBA5E21F9FA5200B63F02 /* Quiz */ = {
			isa = PBXGroup;
			children = (
				D08EBA5F21F9FA5200B63F02 /* AppDelegate.swift */,
				D08EBA6121F9FA5200B63F02 /* ViewController.swift */,
				D08EBA6321F9FA5200B63F02 /* Main.storyboard */,
				D08EBA6621F9FA5300B63F02 /* Assets.xcassets */,
				D08EBA6821F9FA5300B63F02 /* LaunchScreen.storyboard */,
				D08EBA6B21F9FA5300B63F02 /* Info.plist */,
			);
			path = Quiz;
			sourceTree = "<group>";
		};
		D08EBA7321F9FA5300B63F02 /* QuizTests */ = {
			isa = PBXGroup;
			children = (
				D08EBA7421F9FA5300B63F02 /* QuizTests.swift */,
				D08EBA7621F9FA5300B63F02 /* Info.plist */,
			);
			path = QuizTests;
			sourceTree = "<group>";
		};
		D08EBA7E21F9FA5300B63F02 /* QuizUITests */ = {
			isa = PBXGroup;
			children = (
				D08EBA7F21F9FA5300B63F02 /* QuizUITests.swift */,
				D08EBA8121F9FA5300B63F02 /* Info.plist */,
			);
			path = QuizUITests;
			sourceTree = "<group>";
		};
/* End PBXGroup section */

/* Begin PBXNativeTarget section */
		D08EBA5B21F9FA5100B63F02 /* Quiz */ = {
			isa = PBXNativeTarget;
			buildConfigurationList = D08EBA8421F9FA5300B63F02 /* Build configuration list for PBXNativeTarget "Quiz" */;
			buildPhases = (
				D08EBA5821F9FA5100B63F02 /* Sources */,
				D08EBA5921F9FA5100B63F02 /* Frameworks */,
				D08EBA5A21F9FA5100B63F02 /* Resources */,
			);
			buildRules = (
			);
			dependencies = (
			);
			name = Quiz;
			productName = Quiz;
			productReference = D08EBA5C21F9FA5200B63F02 /* Quiz.app */;
			productType = "com.apple.product-type.application";
		};
		D08EBA6F21F9FA5300B63F02 /* QuizTests */ = {
			isa = PBXNativeTarget;
			buildConfigurationList = D08EBA8721F9FA5300B63F02 /* Build configuration list for PBXNativeTarget "QuizTests" */;
			buildPhases = (
				D08EBA6C21F9FA5300B63F02 /* Sources */,
				D08EBA6D21F9FA5300B63F02 /* Frameworks */,
				D08EBA6E21F9FA5300B63F02 /* Resources */,
			);
			buildRules = (
			);
			dependencies = (
				D08EBA7221F9FA5300B63F02 /* PBXTargetDependency */,
			);
			name = QuizTests;
			productName = QuizTests;
			productReference = D08EBA7021F9FA5300B63F02 /* QuizTests.xctest */;
			productType = "com.apple.product-type.bundle.unit-test";
		};
		D08EBA7A21F9FA5300B63F02 /* QuizUITests */ = {
			isa = PBXNativeTarget;
			buildConfigurationList = D08EBA8A21F9FA5300B63F02 /* Build configuration list for PBXNativeTarget "QuizUITests" */;
			buildPhases = (
				D08EBA7721F9FA5300B63F02 /* Sources */,
				D08EBA7821F9FA5300B63F02 /* Frameworks */,
				D08EBA7921F9FA5300B63F02 /* Resources */,
			);
			buildRules = (
			);
			dependencies = (
				D08EBA7D21F9FA5300B63F02 /* PBXTargetDependency */,
			);
			name = QuizUITests;
			productName = QuizUITests;
			productReference = D08EBA7B21F9FA5300B63F02 /* QuizUITests.xctest */;
			productType = "com.apple.product-type.bundle.ui-testing";
		};
/* End PBXNativeTarget section */

/* Begin PBXProject section */
		D08EBA5421F9FA5100B63F02 /* Project object */ = {
			isa = PBXProject;
			attributes = {
				LastSwiftUpdateCheck = 1010;
				LastUpgradeCheck = 1010;
				ORGANIZATIONNAME = m.dobashi;
				TargetAttributes = {
					D08EBA5B21F9FA5100B63F02 = {
						CreatedOnToolsVersion = 10.1;
					};
					D08EBA6F21F9FA5300B63F02 = {
						CreatedOnToolsVersion = 10.1;
						TestTargetID = D08EBA5B21F9FA5100B63F02;
					};
					D08EBA7A21F9FA5300B63F02 = {
						CreatedOnToolsVersion = 10.1;
						TestTargetID = D08EBA5B21F9FA5100B63F02;
					};
				};
			};
			buildConfigurationList = D08EBA5721F9FA5100B63F02 /* Build configuration list for PBXProject "Quiz" */;
			compatibilityVersion = "Xcode 9.3";
			developmentRegion = en;
			hasScannedForEncodings = 0;
			knownRegions = (
				en,
				Base,
			);
			mainGroup = D08EBA5321F9FA5100B63F02;
			productRefGroup = D08EBA5D21F9FA5200B63F02 /* Products */;
			projectDirPath = "";
			projectRoot = "";
			targets = (
				D08EBA5B21F9FA5100B63F02 /* Quiz */,
				D08EBA6F21F9FA5300B63F02 /* QuizTests */,
				D08EBA7A21F9FA5300B63F02 /* QuizUITests */,
			);
		};
/* End PBXProject section */

/* Begin PBXResourcesBuildPhase section */
		D08EBA5A21F9FA5100B63F02 /* Resources */ = {
			isa = PBXResourcesBuildPhase;
			buildActionMask = 2147483647;
			files = (
				D08EBA6A21F9FA5300B63F02 /* LaunchScreen.storyboard in Resources */,
				D08EBA6721F9FA5300B63F02 /* Assets.xcassets in Resources */,
				D08EBA6521F9FA5200B63F02 /* Main.storyboard in Resources */,
			);
			runOnlyForDeploymentPostprocessing = 0;
		};
		D08EBA6E21F9FA5300B63F02 /* Resources */ = {
			isa = PBXResourcesBuildPhase;
			buildActionMask = 2147483647;
			files = (
			);
			runOnlyForDeploymentPostprocessing = 0;
		};
		D08EBA7921F9FA5300B63F02 /* Resources */ = {
			isa = PBXResourcesBuildPhase;
			buildActionMask = 2147483647;
			files = (
			);
			runOnlyForDeploymentPostprocessing = 0;
		};
/* End PBXResourcesBuildPhase section */

/* Begin PBXSourcesBuildPhase section */
		D08EBA5821F9FA5100B63F02 /* Sources */ = {
			isa = PBXSourcesBuildPhase;
			buildActionMask = 2147483647;
			files = (
				D08EBA6221F9FA5200B63F02 /* ViewController.swift in Sources */,
				D08EBA6021F9FA5200B63F02 /* AppDelegate.swift in Sources */,
			);
			runOnlyForDeploymentPostprocessing = 0;
		};
		D08EBA6C21F9FA5300B63F02 /* Sources */ = {
			isa = PBXSourcesBuildPhase;
			buildActionMask = 2147483647;
			files = (
				D08EBA7521F9FA5300B63F02 /* QuizTests.swift in Sources */,
			);
			runOnlyForDeploymentPostprocessing = 0;
		};
		D08EBA7721F9FA5300B63F02 /* Sources */ = {
			isa = PBXSourcesBuildPhase;
			buildActionMask = 2147483647;
			files = (
				D08EBA8021F9FA5300B63F02 /* QuizUITests.swift in Sources */,
			);
			runOnlyForDeploymentPostprocessing = 0;
		};
/* End PBXSourcesBuildPhase section */

/* Begin PBXTargetDependency section */
		D08EBA7221F9FA5300B63F02 /* PBXTargetDependency */ = {
			isa = PBXTargetDependency;
			target = D08EBA5B21F9FA5100B63F02 /* Quiz */;
			targetProxy = D08EBA7121F9FA5300B63F02 /* PBXContainerItemProxy */;
		};
		D08EBA7D21F9FA5300B63F02 /* PBXTargetDependency */ = {
			isa = PBXTargetDependency;
			target = D08EBA5B21F9FA5100B63F02 /* Quiz */;
			targetProxy = D08EBA7C21F9FA5300B63F02 /* PBXContainerItemProxy */;
		};
/* End PBXTargetDependency section */

/* Begin PBXVariantGroup section */
		D08EBA6321F9FA5200B63F02 /* Main.storyboard */ = {
			isa = PBXVariantGroup;
			children = (
				D08EBA6421F9FA5200B63F02 /* Base */,
			);
			name = Main.storyboard;
			sourceTree = "<group>";
		};
		D08EBA6821F9FA5300B63F02 /* LaunchScreen.storyboard */ = {
			isa = PBXVariantGroup;
			children = (
				D08EBA6921F9FA5300B63F02 /* Base */,
			);
			name = LaunchScreen.storyboard;
			sourceTree = "<group>";
		};
/* End PBXVariantGroup section */

/* Begin XCBuildConfiguration section */
		D08EBA8221F9FA5300B63F02 /* Debug */ = {
			isa = XCBuildConfiguration;
			buildSettings = {
				ALWAYS_SEARCH_USER_PATHS = NO;
				CLANG_ANALYZER_NONNULL = YES;
				CLANG_ANALYZER_NUMBER_OBJECT_CONVERSION = YES_AGGRESSIVE;
				CLANG_CXX_LANGUAGE_STANDARD = "gnu++14";
				CLANG_CXX_LIBRARY = "libc++";
				CLANG_ENABLE_MODULES = YES;
				CLANG_ENABLE_OBJC_ARC = YES;
				CLANG_ENABLE_OBJC_WEAK = YES;
				CLANG_WARN_BLOCK_CAPTURE_AUTORELEASING = YES;
				CLANG_WARN_BOOL_CONVERSION = YES;
				CLANG_WARN_COMMA = YES;
				CLANG_WARN_CONSTANT_CONVERSION = YES;
				CLANG_WARN_DEPRECATED_OBJC_IMPLEMENTATIONS = YES;
				CLANG_WARN_DIRECT_OBJC_ISA_USAGE = YES_ERROR;
				CLANG_WARN_DOCUMENTATION_COMMENTS = YES;
				CLANG_WARN_EMPTY_BODY = YES;
				CLANG_WARN_ENUM_CONVERSION = YES;
				CLANG_WARN_INFINITE_RECURSION = YES;
				CLANG_WARN_INT_CONVERSION = YES;
				CLANG_WARN_NON_LITERAL_NULL_CONVERSION = YES;
				CLANG_WARN_OBJC_IMPLICIT_RETAIN_SELF = YES;
				CLANG_WARN_OBJC_LITERAL_CONVERSION = YES;
				CLANG_WARN_OBJC_ROOT_CLASS = YES_ERROR;
				CLANG_WARN_RANGE_LOOP_ANALYSIS = YES;
				CLANG_WARN_STRICT_PROTOTYPES = YES;
				CLANG_WARN_SUSPICIOUS_MOVE = YES;
				CLANG_WARN_UNGUARDED_AVAILABILITY = YES_AGGRESSIVE;
				CLANG_WARN_UNREACHABLE_CODE = YES;
				CLANG_WARN__DUPLICATE_METHOD_MATCH = YES;
				CODE_SIGN_IDENTITY = "iPhone Developer";
				COPY_PHASE_STRIP = NO;
				DEBUG_INFORMATION_FORMAT = dwarf;
				ENABLE_STRICT_OBJC_MSGSEND = YES;
				ENABLE_TESTABILITY = YES;
				GCC_C_LANGUAGE_STANDARD = gnu11;
				GCC_DYNAMIC_NO_PIC = NO;
				GCC_NO_COMMON_BLOCKS = YES;
				GCC_OPTIMIZATION_LEVEL = 0;
				GCC_PREPROCESSOR_DEFINITIONS = (
					"DEBUG=1",
					"$(inherited)",
				);
				GCC_WARN_64_TO_32_BIT_CONVERSION = YES;
				GCC_WARN_ABOUT_RETURN_TYPE = YES_ERROR;
				GCC_WARN_UNDECLARED_SELECTOR = YES;
				GCC_WARN_UNINITIALIZED_AUTOS = YES_AGGRESSIVE;
				GCC_WARN_UNUSED_FUNCTION = YES;
				GCC_WARN_UNUSED_VARIABLE = YES;
				IPHONEOS_DEPLOYMENT_TARGET = 12.1;
				MTL_ENABLE_DEBUG_INFO = INCLUDE_SOURCE;
				MTL_FAST_MATH = YES;
				ONLY_ACTIVE_ARCH = YES;
				SDKROOT = iphoneos;
				SWIFT_ACTIVE_COMPILATION_CONDITIONS = DEBUG;
				SWIFT_OPTIMIZATION_LEVEL = "-Onone";
			};
			name = Debug;
		};
		D08EBA8321F9FA5300B63F02 /* Release */ = {
			isa = XCBuildConfiguration;
			buildSettings = {
				ALWAYS_SEARCH_USER_PATHS = NO;
				CLANG_ANALYZER_NONNULL = YES;
				CLANG_ANALYZER_NUMBER_OBJECT_CONVERSION = YES_AGGRESSIVE;
				CLANG_CXX_LANGUAGE_STANDARD = "gnu++14";
				CLANG_CXX_LIBRARY = "libc++";
				CLANG_ENABLE_MODULES = YES;
				CLANG_ENABLE_OBJC_ARC = YES;
				CLANG_ENABLE_OBJC_WEAK = YES;
				CLANG_WARN_BLOCK_CAPTURE_AUTORELEASING = YES;
				CLANG_WARN_BOOL_CONVERSION = YES;
				CLANG_WARN_COMMA = YES;
				CLANG_WARN_CONSTANT_CONVERSION = YES;
				CLANG_WARN_DEPRECATED_OBJC_IMPLEMENTATIONS = YES;
				CLANG_WARN_DIRECT_OBJC_ISA_USAGE = YES_ERROR;
				CLANG_WARN_DOCUMENTATION_COMMENTS = YES;
				CLANG_WARN_EMPTY_BODY = YES;
				CLANG_WARN_ENUM_CONVERSION = YES;
				CLANG_WARN_INFINITE_RECURSION = YES;
				CLANG_WARN_INT_CONVERSION = YES;
				CLANG_WARN_NON_LITERAL_NULL_CONVERSION = YES;
				CLANG_WARN_OBJC_IMPLICIT_RETAIN_SELF = YES;
				CLANG_WARN_OBJC_LITERAL_CONVERSION = YES;
				CLANG_WARN_OBJC_ROOT_CLASS = YES_ERROR;
				CLANG_WARN_RANGE_LOOP_ANALYSIS = YES;
				CLANG_WARN_STRICT_PROTOTYPES = YES;
				CLANG_WARN_SUSPICIOUS_MOVE = YES;
				CLANG_WARN_UNGUARDED_AVAILABILITY = YES_AGGRESSIVE;
				CLANG_WARN_UNREACHABLE_CODE = YES;
				CLANG_WARN__DUPLICATE_METHOD_MATCH = YES;
				CODE_SIGN_IDENTITY = "iPhone Developer";
				COPY_PHASE_STRIP = NO;
				DEBUG_INFORMATION_FORMAT = "dwarf-with-dsym";
				ENABLE_NS_ASSERTIONS = NO;
				ENABLE_STRICT_OBJC_MSGSEND = YES;
				GCC_C_LANGUAGE_STANDARD = gnu11;
				GCC_NO_COMMON_BLOCKS = YES;
				GCC_WARN_64_TO_32_BIT_CONVERSION = YES;
				GCC_WARN_ABOUT_RETURN_TYPE = YES_ERROR;
				GCC_WARN_UNDECLARED_SELECTOR = YES;
				GCC_WARN_UNINITIALIZED_AUTOS = YES_AGGRESSIVE;
				GCC_WARN_UNUSED_FUNCTION = YES;
				GCC_WARN_UNUSED_VARIABLE = YES;
				IPHONEOS_DEPLOYMENT_TARGET = 12.1;
				MTL_ENABLE_DEBUG_INFO = NO;
				MTL_FAST_MATH = YES;
				SDKROOT = iphoneos;
				SWIFT_COMPILATION_MODE = wholemodule;
				SWIFT_OPTIMIZATION_LEVEL = "-O";
				VALIDATE_PRODUCT = YES;
			};
			name = Release;
		};
		D08EBA8521F9FA5300B63F02 /* Debug */ = {
			isa = XCBuildConfiguration;
			buildSettings = {
				ASSETCATALOG_COMPILER_APPICON_NAME = AppIcon;
				CODE_SIGN_STYLE = Automatic;
				DEVELOPMENT_TEAM = 7RPFL7EXKD;
				INFOPLIST_FILE = Quiz/Info.plist;
				LD_RUNPATH_SEARCH_PATHS = (
					"$(inherited)",
					"@executable_path/Frameworks",
				);
				PRODUCT_BUNDLE_IDENTIFIER = m.dobashi.Quiz;
				PRODUCT_NAME = "$(TARGET_NAME)";
				SWIFT_VERSION = 4.2;
				TARGETED_DEVICE_FAMILY = "1,2";
			};
			name = Debug;
		};
		D08EBA8621F9FA5300B63F02 /* Release */ = {
			isa = XCBuildConfiguration;
			buildSettings = {
				ASSETCATALOG_COMPILER_APPICON_NAME = AppIcon;
				CODE_SIGN_STYLE = Automatic;
				DEVELOPMENT_TEAM = 7RPFL7EXKD;
				INFOPLIST_FILE = Quiz/Info.plist;
				LD_RUNPATH_SEARCH_PATHS = (
					"$(inherited)",
					"@executable_path/Frameworks",
				);
				PRODUCT_BUNDLE_IDENTIFIER = m.dobashi.Quiz;
				PRODUCT_NAME = "$(TARGET_NAME)";
				SWIFT_VERSION = 4.2;
				TARGETED_DEVICE_FAMILY = "1,2";
			};
			name = Release;
		};
		D08EBA8821F9FA5300B63F02 /* Debug */ = {
			isa = XCBuildConfiguration;
			buildSettings = {
				ALWAYS_EMBED_SWIFT_STANDARD_LIBRARIES = YES;
				BUNDLE_LOADER = "$(TEST_HOST)";
				CODE_SIGN_STYLE = Automatic;
				DEVELOPMENT_TEAM = 7RPFL7EXKD;
				INFOPLIST_FILE = QuizTests/Info.plist;
				LD_RUNPATH_SEARCH_PATHS = (
					"$(inherited)",
					"@executable_path/Frameworks",
					"@loader_path/Frameworks",
				);
				PRODUCT_BUNDLE_IDENTIFIER = m.dobashi.QuizTests;
				PRODUCT_NAME = "$(TARGET_NAME)";
				SWIFT_VERSION = 4.2;
				TARGETED_DEVICE_FAMILY = "1,2";
				TEST_HOST = "$(BUILT_PRODUCTS_DIR)/Quiz.app/Quiz";
			};
			name = Debug;
		};
		D08EBA8921F9FA5300B63F02 /* Release */ = {
			isa = XCBuildConfiguration;
			buildSettings = {
				ALWAYS_EMBED_SWIFT_STANDARD_LIBRARIES = YES;
				BUNDLE_LOADER = "$(TEST_HOST)";
				CODE_SIGN_STYLE = Automatic;
				DEVELOPMENT_TEAM = 7RPFL7EXKD;
				INFOPLIST_FILE = QuizTests/Info.plist;
				LD_RUNPATH_SEARCH_PATHS = (
					"$(inherited)",
					"@executable_path/Frameworks",
					"@loader_path/Frameworks",
				);
				PRODUCT_BUNDLE_IDENTIFIER = m.dobashi.QuizTests;
				PRODUCT_NAME = "$(TARGET_NAME)";
				SWIFT_VERSION = 4.2;
				TARGETED_DEVICE_FAMILY = "1,2";
				TEST_HOST = "$(BUILT_PRODUCTS_DIR)/Quiz.app/Quiz";
			};
			name = Release;
		};
		D08EBA8B21F9FA5300B63F02 /* Debug */ = {
			isa = XCBuildConfiguration;
			buildSettings = {
				ALWAYS_EMBED_SWIFT_STANDARD_LIBRARIES = YES;
				CODE_SIGN_STYLE = Automatic;
				DEVELOPMENT_TEAM = 7RPFL7EXKD;
				INFOPLIST_FILE = QuizUITests/Info.plist;
				LD_RUNPATH_SEARCH_PATHS = (
					"$(inherited)",
					"@executable_path/Frameworks",
					"@loader_path/Frameworks",
				);
				PRODUCT_BUNDLE_IDENTIFIER = m.dobashi.QuizUITests;
				PRODUCT_NAME = "$(TARGET_NAME)";
				SWIFT_VERSION = 4.2;
				TARGETED_DEVICE_FAMILY = "1,2";
				TEST_TARGET_NAME = Quiz;
			};
			name = Debug;
		};
		D08EBA8C21F9FA5300B63F02 /* Release */ = {
			isa = XCBuildConfiguration;
			buildSettings = {
				ALWAYS_EMBED_SWIFT_STANDARD_LIBRARIES = YES;
				CODE_SIGN_STYLE = Automatic;
				DEVELOPMENT_TEAM = 7RPFL7EXKD;
				INFOPLIST_FILE = QuizUITests/Info.plist;
				LD_RUNPATH_SEARCH_PATHS = (
					"$(inherited)",
					"@executable_path/Frameworks",
					"@loader_path/Frameworks",
				);
				PRODUCT_BUNDLE_IDENTIFIER = m.dobashi.QuizUITests;
				PRODUCT_NAME = "$(TARGET_NAME)";
				SWIFT_VERSION = 4.2;
				TARGETED_DEVICE_FAMILY = "1,2";
				TEST_TARGET_NAME = Quiz;
			};
			name = Release;
		};
/* End XCBuildConfiguration section */

/* Begin XCConfigurationList section */
		D08EBA5721F9FA5100B63F02 /* Build configuration list for PBXProject "Quiz" */ = {
			isa = XCConfigurationList;
			buildConfigurations = (
				D08EBA8221F9FA5300B63F02 /* Debug */,
				D08EBA8321F9FA5300B63F02 /* Release */,
			);
			defaultConfigurationIsVisible = 0;
			defaultConfigurationName = Release;
		};
		D08EBA8421F9FA5300B63F02 /* Build configuration list for PBXNativeTarget "Quiz" */ = {
			isa = XCConfigurationList;
			buildConfigurations = (
				D08EBA8521F9FA5300B63F02 /* Debug */,
				D08EBA8621F9FA5300B63F02 /* Release */,
			);
			defaultConfigurationIsVisible = 0;
			defaultConfigurationName = Release;
		};
		D08EBA8721F9FA5300B63F02 /* Build configuration list for PBXNativeTarget "QuizTests" */ = {
			isa = XCConfigurationList;
			buildConfigurations = (
				D08EBA8821F9FA5300B63F02 /* Debug */,
				D08EBA8921F9FA5300B63F02 /* Release */,
			);
			defaultConfigurationIsVisible = 0;
			defaultConfigurationName = Release;
		};
		D08EBA8A21F9FA5300B63F02 /* Build configuration list for PBXNativeTarget "QuizUITests" */ = {
			isa = XCConfigurationList;
			buildConfigurations = (
				D08EBA8B21F9FA5300B63F02 /* Debug */,
				D08EBA8C21F9FA5300B63F02 /* Release */,
			);
			defaultConfigurationIsVisible = 0;
			defaultConfigurationName = Release;
		};
/* End XCConfigurationList section */
	};
	rootObject = D08EBA5421F9FA5100B63F02 /* Project object */;
}
