// !$*UTF8*$!
{
	archiveVersion = 1;
	classes = {
	};
	objectVersion = 50;
	objects = {

/* Begin PBXBuildFile section */
		79006CCF61F9FD86B87DA0C1 /* Pods_QuizUITests.framework in Frameworks */ = {isa = PBXBuildFile; fileRef = 95DBF156FA50A61DC5BE9505 /* Pods_QuizUITests.framework */; };
		D01CEA2021F9FC6D00AF1266 /* QuizMainViewController.swift in Sources */ = {isa = PBXBuildFile; fileRef = D01CEA1F21F9FC6D00AF1266 /* QuizMainViewController.swift */; };
		D01CEA2221F9FC8E00AF1266 /* QuizScreenViewController.swift in Sources */ = {isa = PBXBuildFile; fileRef = D01CEA2121F9FC8E00AF1266 /* QuizScreenViewController.swift */; };
		D01CEA2421F9FCAA00AF1266 /* ResultScreenViewController.swift in Sources */ = {isa = PBXBuildFile; fileRef = D01CEA2321F9FCAA00AF1266 /* ResultScreenViewController.swift */; };
		D01CEA2621F9FCC000AF1266 /* QuizMainView.swift in Sources */ = {isa = PBXBuildFile; fileRef = D01CEA2521F9FCC000AF1266 /* QuizMainView.swift */; };
		D01CEA2821F9FCDA00AF1266 /* QuizScreenView.swift in Sources */ = {isa = PBXBuildFile; fileRef = D01CEA2721F9FCDA00AF1266 /* QuizScreenView.swift */; };
		D01CEA2A21F9FD0E00AF1266 /* ResultScreenView.swift in Sources */ = {isa = PBXBuildFile; fileRef = D01CEA2921F9FD0E00AF1266 /* ResultScreenView.swift */; };
		D01CEA2C21F9FD6400AF1266 /* QuizModel.swift in Sources */ = {isa = PBXBuildFile; fileRef = D01CEA2B21F9FD6400AF1266 /* QuizModel.swift */; };
		D01CEA2E21F9FDD100AF1266 /* MainTabViewController.swift in Sources */ = {isa = PBXBuildFile; fileRef = D01CEA2D21F9FDD100AF1266 /* MainTabViewController.swift */; };
		D08EBA6021F9FA5200B63F02 /* AppDelegate.swift in Sources */ = {isa = PBXBuildFile; fileRef = D08EBA5F21F9FA5200B63F02 /* AppDelegate.swift */; };
		D08EBA6721F9FA5300B63F02 /* Assets.xcassets in Resources */ = {isa = PBXBuildFile; fileRef = D08EBA6621F9FA5300B63F02 /* Assets.xcassets */; };
		D08EBA7521F9FA5300B63F02 /* QuizTests.swift in Sources */ = {isa = PBXBuildFile; fileRef = D08EBA7421F9FA5300B63F02 /* QuizTests.swift */; };
		D08EBA8021F9FA5300B63F02 /* QuizUITests.swift in Sources */ = {isa = PBXBuildFile; fileRef = D08EBA7F21F9FA5300B63F02 /* QuizUITests.swift */; };
		D0C6E9AA2201D48D0001B4FE /* AlertManager.swift in Sources */ = {isa = PBXBuildFile; fileRef = D0C6E9A92201D48D0001B4FE /* AlertManager.swift */; };
		D0E197D721FD8A340062728F /* Extension.swift in Sources */ = {isa = PBXBuildFile; fileRef = D0E197D621FD8A340062728F /* Extension.swift */; };
		D0E197DA21FDD1620062728F /* QuizManagement ViewController.swift in Sources */ = {isa = PBXBuildFile; fileRef = D0E197D921FDD1610062728F /* QuizManagement ViewController.swift */; };
		D0E197DC21FDD19F0062728F /* QuizManagement View.swift in Sources */ = {isa = PBXBuildFile; fileRef = D0E197DB21FDD19F0062728F /* QuizManagement View.swift */; };
		D0E82C432210091300960D7C /* Enums.swift in Sources */ = {isa = PBXBuildFile; fileRef = D0E82C422210091300960D7C /* Enums.swift */; };
		D0E94A1C21FF2DE80071DB64 /* QuizEditView.swift in Sources */ = {isa = PBXBuildFile; fileRef = D0E94A1B21FF2DE80071DB64 /* QuizEditView.swift */; };
		D0E94A1E21FF2DFF0071DB64 /* QuizEditViewController.swift in Sources */ = {isa = PBXBuildFile; fileRef = D0E94A1D21FF2DFF0071DB64 /* QuizEditViewController.swift */; };
		D423BA718A6FD7495D82582D /* Pods_Quiz.framework in Frameworks */ = {isa = PBXBuildFile; fileRef = A3013F219E014E77969A6E29 /* Pods_Quiz.framework */; };
		DB1348EA520607911F677C5A /* Pods_QuizTests.framework in Frameworks */ = {isa = PBXBuildFile; fileRef = 7C5B8C49DA12B0B7D4C92FF6 /* Pods_QuizTests.framework */; };
/* End PBXBuildFile section */

/* Begin PBXContainerItemProxy section */
		D08EBA7121F9FA5300B63F02 /* PBXContainerItemProxy */ = {
			isa = PBXContainerItemProxy;
			containerPortal = D08EBA5421F9FA5100B63F02 /* Project object */;
			proxyType = 1;
			remoteGlobalIDString = D08EBA5B21F9FA5100B63F02;
			remoteInfo = Quiz;
		};
		D08EBA7C21F9FA5300B63F02 /* PBXContainerItemProxy */ = {
			isa = PBXContainerItemProxy;
			containerPortal = D08EBA5421F9FA5100B63F02 /* Project object */;
			proxyType = 1;
			remoteGlobalIDString = D08EBA5B21F9FA5100B63F02;
			remoteInfo = Quiz;
		};
/* End PBXContainerItemProxy section */

/* Begin PBXFileReference section */
		08ECC78016916AC7D5909939 /* Pods-QuizUITests.debug.xcconfig */ = {isa = PBXFileReference; includeInIndex = 1; lastKnownFileType = text.xcconfig; name = "Pods-QuizUITests.debug.xcconfig"; path = "Pods/Target Support Files/Pods-QuizUITests/Pods-QuizUITests.debug.xcconfig"; sourceTree = "<group>"; };
		289131B7A5132FBB876FAD00 /* Pods-QuizUITests.release.xcconfig */ = {isa = PBXFileReference; includeInIndex = 1; lastKnownFileType = text.xcconfig; name = "Pods-QuizUITests.release.xcconfig"; path = "Pods/Target Support Files/Pods-QuizUITests/Pods-QuizUITests.release.xcconfig"; sourceTree = "<group>"; };
		2B212375E38DDB05CACE3970 /* Pods-Quiz.debug.xcconfig */ = {isa = PBXFileReference; includeInIndex = 1; lastKnownFileType = text.xcconfig; name = "Pods-Quiz.debug.xcconfig"; path = "Pods/Target Support Files/Pods-Quiz/Pods-Quiz.debug.xcconfig"; sourceTree = "<group>"; };
		512A735B81AF93B2B9B36580 /* Pods-QuizTests.release.xcconfig */ = {isa = PBXFileReference; includeInIndex = 1; lastKnownFileType = text.xcconfig; name = "Pods-QuizTests.release.xcconfig"; path = "Pods/Target Support Files/Pods-QuizTests/Pods-QuizTests.release.xcconfig"; sourceTree = "<group>"; };
		7C5B8C49DA12B0B7D4C92FF6 /* Pods_QuizTests.framework */ = {isa = PBXFileReference; explicitFileType = wrapper.framework; includeInIndex = 0; path = Pods_QuizTests.framework; sourceTree = BUILT_PRODUCTS_DIR; };
		816DF889DF6F1E896F80F90E /* Pods-QuizTests.debug.xcconfig */ = {isa = PBXFileReference; includeInIndex = 1; lastKnownFileType = text.xcconfig; name = "Pods-QuizTests.debug.xcconfig"; path = "Pods/Target Support Files/Pods-QuizTests/Pods-QuizTests.debug.xcconfig"; sourceTree = "<group>"; };
		95DBF156FA50A61DC5BE9505 /* Pods_QuizUITests.framework */ = {isa = PBXFileReference; explicitFileType = wrapper.framework; includeInIndex = 0; path = Pods_QuizUITests.framework; sourceTree = BUILT_PRODUCTS_DIR; };
		A3013F219E014E77969A6E29 /* Pods_Quiz.framework */ = {isa = PBXFileReference; explicitFileType = wrapper.framework; includeInIndex = 0; path = Pods_Quiz.framework; sourceTree = BUILT_PRODUCTS_DIR; };
		C4F748B74DA03903E708401A /* Pods-Quiz.release.xcconfig */ = {isa = PBXFileReference; includeInIndex = 1; lastKnownFileType = text.xcconfig; name = "Pods-Quiz.release.xcconfig"; path = "Pods/Target Support Files/Pods-Quiz/Pods-Quiz.release.xcconfig"; sourceTree = "<group>"; };
		D01CEA1F21F9FC6D00AF1266 /* QuizMainViewController.swift */ = {isa = PBXFileReference; lastKnownFileType = sourcecode.swift; path = QuizMainViewController.swift; sourceTree = "<group>"; };
		D01CEA2121F9FC8E00AF1266 /* QuizScreenViewController.swift */ = {isa = PBXFileReference; lastKnownFileType = sourcecode.swift; path = QuizScreenViewController.swift; sourceTree = "<group>"; };
		D01CEA2321F9FCAA00AF1266 /* ResultScreenViewController.swift */ = {isa = PBXFileReference; lastKnownFileType = sourcecode.swift; path = ResultScreenViewController.swift; sourceTree = "<group>"; };
		D01CEA2521F9FCC000AF1266 /* QuizMainView.swift */ = {isa = PBXFileReference; lastKnownFileType = sourcecode.swift; path = QuizMainView.swift; sourceTree = "<group>"; };
		D01CEA2721F9FCDA00AF1266 /* QuizScreenView.swift */ = {isa = PBXFileReference; lastKnownFileType = sourcecode.swift; path = QuizScreenView.swift; sourceTree = "<group>"; };
		D01CEA2921F9FD0E00AF1266 /* ResultScreenView.swift */ = {isa = PBXFileReference; lastKnownFileType = sourcecode.swift; path = ResultScreenView.swift; sourceTree = "<group>"; };
		D01CEA2B21F9FD6400AF1266 /* QuizModel.swift */ = {isa = PBXFileReference; lastKnownFileType = sourcecode.swift; path = QuizModel.swift; sourceTree = "<group>"; };
		D01CEA2D21F9FDD100AF1266 /* MainTabViewController.swift */ = {isa = PBXFileReference; lastKnownFileType = sourcecode.swift; path = MainTabViewController.swift; sourceTree = "<group>"; };
		D08EBA5C21F9FA5200B63F02 /* Quiz.app */ = {isa = PBXFileReference; explicitFileType = wrapper.application; includeInIndex = 0; path = Quiz.app; sourceTree = BUILT_PRODUCTS_DIR; };
		D08EBA5F21F9FA5200B63F02 /* AppDelegate.swift */ = {isa = PBXFileReference; lastKnownFileType = sourcecode.swift; path = AppDelegate.swift; sourceTree = "<group>"; };
		D08EBA6621F9FA5300B63F02 /* Assets.xcassets */ = {isa = PBXFileReference; lastKnownFileType = folder.assetcatalog; path = Assets.xcassets; sourceTree = "<group>"; };
		D08EBA6B21F9FA5300B63F02 /* Info.plist */ = {isa = PBXFileReference; lastKnownFileType = text.plist.xml; path = Info.plist; sourceTree = "<group>"; };
		D08EBA7021F9FA5300B63F02 /* QuizTests.xctest */ = {isa = PBXFileReference; explicitFileType = wrapper.cfbundle; includeInIndex = 0; path = QuizTests.xctest; sourceTree = BUILT_PRODUCTS_DIR; };
		D08EBA7421F9FA5300B63F02 /* QuizTests.swift */ = {isa = PBXFileReference; lastKnownFileType = sourcecode.swift; path = QuizTests.swift; sourceTree = "<group>"; };
		D08EBA7621F9FA5300B63F02 /* Info.plist */ = {isa = PBXFileReference; lastKnownFileType = text.plist.xml; path = Info.plist; sourceTree = "<group>"; };
		D08EBA7B21F9FA5300B63F02 /* QuizUITests.xctest */ = {isa = PBXFileReference; explicitFileType = wrapper.cfbundle; includeInIndex = 0; path = QuizUITests.xctest; sourceTree = BUILT_PRODUCTS_DIR; };
		D08EBA7F21F9FA5300B63F02 /* QuizUITests.swift */ = {isa = PBXFileReference; lastKnownFileType = sourcecode.swift; path = QuizUITests.swift; sourceTree = "<group>"; };
		D08EBA8121F9FA5300B63F02 /* Info.plist */ = {isa = PBXFileReference; lastKnownFileType = text.plist.xml; path = Info.plist; sourceTree = "<group>"; };
		D0C6E9A92201D48D0001B4FE /* AlertManager.swift */ = {isa = PBXFileReference; lastKnownFileType = sourcecode.swift; path = AlertManager.swift; sourceTree = "<group>"; };
		D0E197D621FD8A340062728F /* Extension.swift */ = {isa = PBXFileReference; lastKnownFileType = sourcecode.swift; path = Extension.swift; sourceTree = "<group>"; };
		D0E197D921FDD1610062728F /* QuizManagement ViewController.swift */ = {isa = PBXFileReference; fileEncoding = 4; lastKnownFileType = sourcecode.swift; path = "QuizManagement ViewController.swift"; sourceTree = "<group>"; };
		D0E197DB21FDD19F0062728F /* QuizManagement View.swift */ = {isa = PBXFileReference; fileEncoding = 4; lastKnownFileType = sourcecode.swift; path = "QuizManagement View.swift"; sourceTree = "<group>"; };
		D0E82C422210091300960D7C /* Enums.swift */ = {isa = PBXFileReference; lastKnownFileType = sourcecode.swift; path = Enums.swift; sourceTree = "<group>"; };
		D0E94A1B21FF2DE80071DB64 /* QuizEditView.swift */ = {isa = PBXFileReference; lastKnownFileType = sourcecode.swift; path = QuizEditView.swift; sourceTree = "<group>"; };
		D0E94A1D21FF2DFF0071DB64 /* QuizEditViewController.swift */ = {isa = PBXFileReference; lastKnownFileType = sourcecode.swift; path = QuizEditViewController.swift; sourceTree = "<group>"; };
/* End PBXFileReference section */

/* Begin PBXFrameworksBuildPhase section */
		D08EBA5921F9FA5100B63F02 /* Frameworks */ = {
			isa = PBXFrameworksBuildPhase;
			buildActionMask = 2147483647;
			files = (
				D423BA718A6FD7495D82582D /* Pods_Quiz.framework in Frameworks */,
			);
			runOnlyForDeploymentPostprocessing = 0;
		};
		D08EBA6D21F9FA5300B63F02 /* Frameworks */ = {
			isa = PBXFrameworksBuildPhase;
			buildActionMask = 2147483647;
			files = (
				DB1348EA520607911F677C5A /* Pods_QuizTests.framework in Frameworks */,
			);
			runOnlyForDeploymentPostprocessing = 0;
		};
		D08EBA7821F9FA5300B63F02 /* Frameworks */ = {
			isa = PBXFrameworksBuildPhase;
			buildActionMask = 2147483647;
			files = (
				79006CCF61F9FD86B87DA0C1 /* Pods_QuizUITests.framework in Frameworks */,
			);
			runOnlyForDeploymentPostprocessing = 0;
		};
/* End PBXFrameworksBuildPhase section */

/* Begin PBXGroup section */
		B42301DD5AE5D59D090B042A /* Frameworks */ = {
			isa = PBXGroup;
			children = (
				A3013F219E014E77969A6E29 /* Pods_Quiz.framework */,
				7C5B8C49DA12B0B7D4C92FF6 /* Pods_QuizTests.framework */,
				95DBF156FA50A61DC5BE9505 /* Pods_QuizUITests.framework */,
			);
			name = Frameworks;
			sourceTree = "<group>";
		};
		CA032DDFDC48CC662DDDF624 /* Pods */ = {
			isa = PBXGroup;
			children = (
				2B212375E38DDB05CACE3970 /* Pods-Quiz.debug.xcconfig */,
				C4F748B74DA03903E708401A /* Pods-Quiz.release.xcconfig */,
				816DF889DF6F1E896F80F90E /* Pods-QuizTests.debug.xcconfig */,
				512A735B81AF93B2B9B36580 /* Pods-QuizTests.release.xcconfig */,
				08ECC78016916AC7D5909939 /* Pods-QuizUITests.debug.xcconfig */,
				289131B7A5132FBB876FAD00 /* Pods-QuizUITests.release.xcconfig */,
			);
			name = Pods;
			sourceTree = "<group>";
		};
		D01CEA1B21F9FC0800AF1266 /* Model */ = {
			isa = PBXGroup;
			children = (
				D01CEA2B21F9FD6400AF1266 /* QuizModel.swift */,
			);
			path = Model;
			sourceTree = "<group>";
		};
		D01CEA1C21F9FC1800AF1266 /* View */ = {
			isa = PBXGroup;
			children = (
				D0866CB921FC9AF3005AFFC2 /* QuizScreenView */,
				D0866CB821FC9AD2005AFFC2 /* QuizManagementView */,
			);
			path = View;
			sourceTree = "<group>";
		};
		D01CEA1D21F9FC1F00AF1266 /* ViewController */ = {
			isa = PBXGroup;
			children = (
				D01CEA1E21F9FC4400AF1266 /* QuizScreenViewController */,
				D0866CBA21FC9B15005AFFC2 /* QuizManagementViewController */,
			);
			path = ViewController;
			sourceTree = "<group>";
		};
		D01CEA1E21F9FC4400AF1266 /* QuizScreenViewController */ = {
			isa = PBXGroup;
			children = (
				D01CEA1F21F9FC6D00AF1266 /* QuizMainViewController.swift */,
				D01CEA2121F9FC8E00AF1266 /* QuizScreenViewController.swift */,
				D01CEA2321F9FCAA00AF1266 /* ResultScreenViewController.swift */,
			);
			path = QuizScreenViewController;
			sourceTree = "<group>";
		};
		D0866CB821FC9AD2005AFFC2 /* QuizManagementView */ = {
			isa = PBXGroup;
			children = (
				D0E197DB21FDD19F0062728F /* QuizManagement View.swift */,
				D0E94A1B21FF2DE80071DB64 /* QuizEditView.swift */,
			);
			path = QuizManagementView;
			sourceTree = "<group>";
		};
		D0866CB921FC9AF3005AFFC2 /* QuizScreenView */ = {
			isa = PBXGroup;
			children = (
				D01CEA2521F9FCC000AF1266 /* QuizMainView.swift */,
				D01CEA2721F9FCDA00AF1266 /* QuizScreenView.swift */,
				D01CEA2921F9FD0E00AF1266 /* ResultScreenView.swift */,
			);
			path = QuizScreenView;
			sourceTree = "<group>";
		};
		D0866CBA21FC9B15005AFFC2 /* QuizManagementViewController */ = {
			isa = PBXGroup;
			children = (
				D0E197D921FDD1610062728F /* QuizManagement ViewController.swift */,
				D0E94A1D21FF2DFF0071DB64 /* QuizEditViewController.swift */,
			);
			path = QuizManagementViewController;
			sourceTree = "<group>";
		};
		D08EBA5321F9FA5100B63F02 = {
			isa = PBXGroup;
			children = (
				D08EBA5E21F9FA5200B63F02 /* Quiz */,
				D08EBA6621F9FA5300B63F02 /* Assets.xcassets */,
				D08EBA7321F9FA5300B63F02 /* QuizTests */,
				D08EBA7E21F9FA5300B63F02 /* QuizUITests */,
				D08EBA5D21F9FA5200B63F02 /* Products */,
				CA032DDFDC48CC662DDDF624 /* Pods */,
				B42301DD5AE5D59D090B042A /* Frameworks */,
			);
			sourceTree = "<group>";
		};
		D08EBA5D21F9FA5200B63F02 /* Products */ = {
			isa = PBXGroup;
			children = (
				D08EBA5C21F9FA5200B63F02 /* Quiz.app */,
				D08EBA7021F9FA5300B63F02 /* QuizTests.xctest */,
				D08EBA7B21F9FA5300B63F02 /* QuizUITests.xctest */,
			);
			name = Products;
			sourceTree = "<group>";
		};
		D08EBA5E21F9FA5200B63F02 /* Quiz */ = {
			isa = PBXGroup;
			children = (
				D08EBA6B21F9FA5300B63F02 /* Info.plist */,
				D08EBA5F21F9FA5200B63F02 /* AppDelegate.swift */,
				D01CEA2D21F9FDD100AF1266 /* MainTabViewController.swift */,
				D01CEA1D21F9FC1F00AF1266 /* ViewController */,
				D01CEA1C21F9FC1800AF1266 /* View */,
				D01CEA1B21F9FC0800AF1266 /* Model */,
				D0E82C41221008FE00960D7C /* Enum */,
				D0E197D821FD8B480062728F /* Extensions */,
				D0E82C4422100C1B00960D7C /* Other */,
			);
			path = Quiz;
			sourceTree = "<group>";
		};
		D08EBA7321F9FA5300B63F02 /* QuizTests */ = {
			isa = PBXGroup;
			children = (
				D08EBA7421F9FA5300B63F02 /* QuizTests.swift */,
				D08EBA7621F9FA5300B63F02 /* Info.plist */,
			);
			path = QuizTests;
			sourceTree = "<group>";
		};
		D08EBA7E21F9FA5300B63F02 /* QuizUITests */ = {
			isa = PBXGroup;
			children = (
				D08EBA7F21F9FA5300B63F02 /* QuizUITests.swift */,
				D08EBA8121F9FA5300B63F02 /* Info.plist */,
			);
			path = QuizUITests;
			sourceTree = "<group>";
		};
		D0E197D821FD8B480062728F /* Extensions */ = {
			isa = PBXGroup;
			children = (
				D0E197D621FD8A340062728F /* Extension.swift */,
			);
			path = Extensions;
			sourceTree = "<group>";
		};
		D0E82C41221008FE00960D7C /* Enum */ = {
			isa = PBXGroup;
			children = (
				D0E82C422210091300960D7C /* Enums.swift */,
			);
			path = Enum;
			sourceTree = "<group>";
		};
		D0E82C4422100C1B00960D7C /* Other */ = {
			isa = PBXGroup;
			children = (
				D0C6E9A92201D48D0001B4FE /* AlertManager.swift */,
			);
			path = Other;
			sourceTree = "<group>";
		};
/* End PBXGroup section */

/* Begin PBXNativeTarget section */
		D08EBA5B21F9FA5100B63F02 /* Quiz */ = {
			isa = PBXNativeTarget;
			buildConfigurationList = D08EBA8421F9FA5300B63F02 /* Build configuration list for PBXNativeTarget "Quiz" */;
			buildPhases = (
				B48529A99B20777C0DB7FEF8 /* [CP] Check Pods Manifest.lock */,
				D08EBA5821F9FA5100B63F02 /* Sources */,
				D08EBA5921F9FA5100B63F02 /* Frameworks */,
				D08EBA5A21F9FA5100B63F02 /* Resources */,
				AF8B6F9CBB362D5FF7F4030F /* [CP] Embed Pods Frameworks */,
			);
			buildRules = (
			);
			dependencies = (
			);
			name = Quiz;
			productName = Quiz;
			productReference = D08EBA5C21F9FA5200B63F02 /* Quiz.app */;
			productType = "com.apple.product-type.application";
		};
		D08EBA6F21F9FA5300B63F02 /* QuizTests */ = {
			isa = PBXNativeTarget;
			buildConfigurationList = D08EBA8721F9FA5300B63F02 /* Build configuration list for PBXNativeTarget "QuizTests" */;
			buildPhases = (
				37DBDB06DE8451701BC1890F /* [CP] Check Pods Manifest.lock */,
				D08EBA6C21F9FA5300B63F02 /* Sources */,
				D08EBA6D21F9FA5300B63F02 /* Frameworks */,
				D08EBA6E21F9FA5300B63F02 /* Resources */,
			);
			buildRules = (
			);
			dependencies = (
				D08EBA7221F9FA5300B63F02 /* PBXTargetDependency */,
			);
			name = QuizTests;
			productName = QuizTests;
			productReference = D08EBA7021F9FA5300B63F02 /* QuizTests.xctest */;
			productType = "com.apple.product-type.bundle.unit-test";
		};
		D08EBA7A21F9FA5300B63F02 /* QuizUITests */ = {
			isa = PBXNativeTarget;
			buildConfigurationList = D08EBA8A21F9FA5300B63F02 /* Build configuration list for PBXNativeTarget "QuizUITests" */;
			buildPhases = (
				894A0BD407A1F65BE49F4930 /* [CP] Check Pods Manifest.lock */,
				D08EBA7721F9FA5300B63F02 /* Sources */,
				D08EBA7821F9FA5300B63F02 /* Frameworks */,
				D08EBA7921F9FA5300B63F02 /* Resources */,
			);
			buildRules = (
			);
			dependencies = (
				D08EBA7D21F9FA5300B63F02 /* PBXTargetDependency */,
			);
			name = QuizUITests;
			productName = QuizUITests;
			productReference = D08EBA7B21F9FA5300B63F02 /* QuizUITests.xctest */;
			productType = "com.apple.product-type.bundle.ui-testing";
		};
/* End PBXNativeTarget section */

/* Begin PBXProject section */
		D08EBA5421F9FA5100B63F02 /* Project object */ = {
			isa = PBXProject;
			attributes = {
				LastSwiftUpdateCheck = 1010;
				LastUpgradeCheck = 1010;
				ORGANIZATIONNAME = m.dobashi;
				TargetAttributes = {
					D08EBA5B21F9FA5100B63F02 = {
						CreatedOnToolsVersion = 10.1;
						LastSwiftMigration = 1020;
					};
					D08EBA6F21F9FA5300B63F02 = {
						CreatedOnToolsVersion = 10.1;
						LastSwiftMigration = 1020;
						TestTargetID = D08EBA5B21F9FA5100B63F02;
					};
					D08EBA7A21F9FA5300B63F02 = {
						CreatedOnToolsVersion = 10.1;
						LastSwiftMigration = 1020;
						TestTargetID = D08EBA5B21F9FA5100B63F02;
					};
				};
			};
			buildConfigurationList = D08EBA5721F9FA5100B63F02 /* Build configuration list for PBXProject "Quiz" */;
			compatibilityVersion = "Xcode 9.3";
			developmentRegion = en;
			hasScannedForEncodings = 0;
			knownRegions = (
				en,
				Base,
			);
			mainGroup = D08EBA5321F9FA5100B63F02;
			productRefGroup = D08EBA5D21F9FA5200B63F02 /* Products */;
			projectDirPath = "";
			projectRoot = "";
			targets = (
				D08EBA5B21F9FA5100B63F02 /* Quiz */,
				D08EBA6F21F9FA5300B63F02 /* QuizTests */,
				D08EBA7A21F9FA5300B63F02 /* QuizUITests */,
			);
		};
/* End PBXProject section */

/* Begin PBXResourcesBuildPhase section */
		D08EBA5A21F9FA5100B63F02 /* Resources */ = {
			isa = PBXResourcesBuildPhase;
			buildActionMask = 2147483647;
			files = (
				D08EBA6721F9FA5300B63F02 /* Assets.xcassets in Resources */,
			);
			runOnlyForDeploymentPostprocessing = 0;
		};
		D08EBA6E21F9FA5300B63F02 /* Resources */ = {
			isa = PBXResourcesBuildPhase;
			buildActionMask = 2147483647;
			files = (
			);
			runOnlyForDeploymentPostprocessing = 0;
		};
		D08EBA7921F9FA5300B63F02 /* Resources */ = {
			isa = PBXResourcesBuildPhase;
			buildActionMask = 2147483647;
			files = (
			);
			runOnlyForDeploymentPostprocessing = 0;
		};
/* End PBXResourcesBuildPhase section */

/* Begin PBXShellScriptBuildPhase section */
		37DBDB06DE8451701BC1890F /* [CP] Check Pods Manifest.lock */ = {
			isa = PBXShellScriptBuildPhase;
			buildActionMask = 2147483647;
			files = (
			);
			inputFileListPaths = (
			);
			inputPaths = (
				"${PODS_PODFILE_DIR_PATH}/Podfile.lock",
				"${PODS_ROOT}/Manifest.lock",
			);
			name = "[CP] Check Pods Manifest.lock";
			outputFileListPaths = (
			);
			outputPaths = (
				"$(DERIVED_FILE_DIR)/Pods-QuizTests-checkManifestLockResult.txt",
			);
			runOnlyForDeploymentPostprocessing = 0;
			shellPath = /bin/sh;
			shellScript = "diff \"${PODS_PODFILE_DIR_PATH}/Podfile.lock\" \"${PODS_ROOT}/Manifest.lock\" > /dev/null\nif [ $? != 0 ] ; then\n    # print error to STDERR\n    echo \"error: The sandbox is not in sync with the Podfile.lock. Run 'pod install' or update your CocoaPods installation.\" >&2\n    exit 1\nfi\n# This output is used by Xcode 'outputs' to avoid re-running this script phase.\necho \"SUCCESS\" > \"${SCRIPT_OUTPUT_FILE_0}\"\n";
			showEnvVarsInLog = 0;
		};
		894A0BD407A1F65BE49F4930 /* [CP] Check Pods Manifest.lock */ = {
			isa = PBXShellScriptBuildPhase;
			buildActionMask = 2147483647;
			files = (
			);
			inputFileListPaths = (
			);
			inputPaths = (
				"${PODS_PODFILE_DIR_PATH}/Podfile.lock",
				"${PODS_ROOT}/Manifest.lock",
			);
			name = "[CP] Check Pods Manifest.lock";
			outputFileListPaths = (
			);
			outputPaths = (
				"$(DERIVED_FILE_DIR)/Pods-QuizUITests-checkManifestLockResult.txt",
			);
			runOnlyForDeploymentPostprocessing = 0;
			shellPath = /bin/sh;
			shellScript = "diff \"${PODS_PODFILE_DIR_PATH}/Podfile.lock\" \"${PODS_ROOT}/Manifest.lock\" > /dev/null\nif [ $? != 0 ] ; then\n    # print error to STDERR\n    echo \"error: The sandbox is not in sync with the Podfile.lock. Run 'pod install' or update your CocoaPods installation.\" >&2\n    exit 1\nfi\n# This output is used by Xcode 'outputs' to avoid re-running this script phase.\necho \"SUCCESS\" > \"${SCRIPT_OUTPUT_FILE_0}\"\n";
			showEnvVarsInLog = 0;
		};
		AF8B6F9CBB362D5FF7F4030F /* [CP] Embed Pods Frameworks */ = {
			isa = PBXShellScriptBuildPhase;
			buildActionMask = 2147483647;
			files = (
			);
			inputFileListPaths = (
			);
			inputPaths = (
				"${SRCROOT}/Pods/Target Support Files/Pods-Quiz/Pods-Quiz-frameworks.sh",
				"${BUILT_PRODUCTS_DIR}/Realm/Realm.framework",
				"${BUILT_PRODUCTS_DIR}/RealmSwift/RealmSwift.framework",
			);
			name = "[CP] Embed Pods Frameworks";
			outputFileListPaths = (
			);
			outputPaths = (
				"${TARGET_BUILD_DIR}/${FRAMEWORKS_FOLDER_PATH}/Realm.framework",
				"${TARGET_BUILD_DIR}/${FRAMEWORKS_FOLDER_PATH}/RealmSwift.framework",
			);
			runOnlyForDeploymentPostprocessing = 0;
			shellPath = /bin/sh;
			shellScript = "\"${SRCROOT}/Pods/Target Support Files/Pods-Quiz/Pods-Quiz-frameworks.sh\"\n";
			showEnvVarsInLog = 0;
		};
		B48529A99B20777C0DB7FEF8 /* [CP] Check Pods Manifest.lock */ = {
			isa = PBXShellScriptBuildPhase;
			buildActionMask = 2147483647;
			files = (
			);
			inputFileListPaths = (
			);
			inputPaths = (
				"${PODS_PODFILE_DIR_PATH}/Podfile.lock",
				"${PODS_ROOT}/Manifest.lock",
			);
			name = "[CP] Check Pods Manifest.lock";
			outputFileListPaths = (
			);
			outputPaths = (
				"$(DERIVED_FILE_DIR)/Pods-Quiz-checkManifestLockResult.txt",
			);
			runOnlyForDeploymentPostprocessing = 0;
			shellPath = /bin/sh;
			shellScript = "diff \"${PODS_PODFILE_DIR_PATH}/Podfile.lock\" \"${PODS_ROOT}/Manifest.lock\" > /dev/null\nif [ $? != 0 ] ; then\n    # print error to STDERR\n    echo \"error: The sandbox is not in sync with the Podfile.lock. Run 'pod install' or update your CocoaPods installation.\" >&2\n    exit 1\nfi\n# This output is used by Xcode 'outputs' to avoid re-running this script phase.\necho \"SUCCESS\" > \"${SCRIPT_OUTPUT_FILE_0}\"\n";
			showEnvVarsInLog = 0;
		};
/* End PBXShellScriptBuildPhase section */

/* Begin PBXSourcesBuildPhase section */
		D08EBA5821F9FA5100B63F02 /* Sources */ = {
			isa = PBXSourcesBuildPhase;
			buildActionMask = 2147483647;
			files = (
				D01CEA2621F9FCC000AF1266 /* QuizMainView.swift in Sources */,
				D01CEA2221F9FC8E00AF1266 /* QuizScreenViewController.swift in Sources */,
				D0C6E9AA2201D48D0001B4FE /* AlertManager.swift in Sources */,
				D01CEA2A21F9FD0E00AF1266 /* ResultScreenView.swift in Sources */,
				D0E197D721FD8A340062728F /* Extension.swift in Sources */,
				D0E94A1C21FF2DE80071DB64 /* QuizEditView.swift in Sources */,
				D0E94A1E21FF2DFF0071DB64 /* QuizEditViewController.swift in Sources */,
				D01CEA2C21F9FD6400AF1266 /* QuizModel.swift in Sources */,
				D0E197DA21FDD1620062728F /* QuizManagement ViewController.swift in Sources */,
				D01CEA2E21F9FDD100AF1266 /* MainTabViewController.swift in Sources */,
				D0E197DC21FDD19F0062728F /* QuizManagement View.swift in Sources */,
				D01CEA2821F9FCDA00AF1266 /* QuizScreenView.swift in Sources */,
				D08EBA6021F9FA5200B63F02 /* AppDelegate.swift in Sources */,
				D01CEA2021F9FC6D00AF1266 /* QuizMainViewController.swift in Sources */,
				D0E82C432210091300960D7C /* Enums.swift in Sources */,
				D01CEA2421F9FCAA00AF1266 /* ResultScreenViewController.swift in Sources */,
			);
			runOnlyForDeploymentPostprocessing = 0;
		};
		D08EBA6C21F9FA5300B63F02 /* Sources */ = {
			isa = PBXSourcesBuildPhase;
			buildActionMask = 2147483647;
			files = (
				D08EBA7521F9FA5300B63F02 /* QuizTests.swift in Sources */,
			);
			runOnlyForDeploymentPostprocessing = 0;
		};
		D08EBA7721F9FA5300B63F02 /* Sources */ = {
			isa = PBXSourcesBuildPhase;
			buildActionMask = 2147483647;
			files = (
				D08EBA8021F9FA5300B63F02 /* QuizUITests.swift in Sources */,
			);
			runOnlyForDeploymentPostprocessing = 0;
		};
/* End PBXSourcesBuildPhase section */

/* Begin PBXTargetDependency section */
		D08EBA7221F9FA5300B63F02 /* PBXTargetDependency */ = {
			isa = PBXTargetDependency;
			target = D08EBA5B21F9FA5100B63F02 /* Quiz */;
			targetProxy = D08EBA7121F9FA5300B63F02 /* PBXContainerItemProxy */;
		};
		D08EBA7D21F9FA5300B63F02 /* PBXTargetDependency */ = {
			isa = PBXTargetDependency;
			target = D08EBA5B21F9FA5100B63F02 /* Quiz */;
			targetProxy = D08EBA7C21F9FA5300B63F02 /* PBXContainerItemProxy */;
		};
/* End PBXTargetDependency section */

/* Begin XCBuildConfiguration section */
		D08EBA8221F9FA5300B63F02 /* Debug */ = {
			isa = XCBuildConfiguration;
			buildSettings = {
				ALWAYS_SEARCH_USER_PATHS = NO;
				CLANG_ANALYZER_NONNULL = YES;
				CLANG_ANALYZER_NUMBER_OBJECT_CONVERSION = YES_AGGRESSIVE;
				CLANG_CXX_LANGUAGE_STANDARD = "gnu++14";
				CLANG_CXX_LIBRARY = "libc++";
				CLANG_ENABLE_MODULES = YES;
				CLANG_ENABLE_OBJC_ARC = YES;
				CLANG_ENABLE_OBJC_WEAK = YES;
				CLANG_WARN_BLOCK_CAPTURE_AUTORELEASING = YES;
				CLANG_WARN_BOOL_CONVERSION = YES;
				CLANG_WARN_COMMA = YES;
				CLANG_WARN_CONSTANT_CONVERSION = YES;
				CLANG_WARN_DEPRECATED_OBJC_IMPLEMENTATIONS = YES;
				CLANG_WARN_DIRECT_OBJC_ISA_USAGE = YES_ERROR;
				CLANG_WARN_DOCUMENTATION_COMMENTS = YES;
				CLANG_WARN_EMPTY_BODY = YES;
				CLANG_WARN_ENUM_CONVERSION = YES;
				CLANG_WARN_INFINITE_RECURSION = YES;
				CLANG_WARN_INT_CONVERSION = YES;
				CLANG_WARN_NON_LITERAL_NULL_CONVERSION = YES;
				CLANG_WARN_OBJC_IMPLICIT_RETAIN_SELF = YES;
				CLANG_WARN_OBJC_LITERAL_CONVERSION = YES;
				CLANG_WARN_OBJC_ROOT_CLASS = YES_ERROR;
				CLANG_WARN_RANGE_LOOP_ANALYSIS = YES;
				CLANG_WARN_STRICT_PROTOTYPES = YES;
				CLANG_WARN_SUSPICIOUS_MOVE = YES;
				CLANG_WARN_UNGUARDED_AVAILABILITY = YES_AGGRESSIVE;
				CLANG_WARN_UNREACHABLE_CODE = YES;
				CLANG_WARN__DUPLICATE_METHOD_MATCH = YES;
				CODE_SIGN_IDENTITY = "iPhone Developer";
				COPY_PHASE_STRIP = NO;
				DEBUG_INFORMATION_FORMAT = dwarf;
				ENABLE_STRICT_OBJC_MSGSEND = YES;
				ENABLE_TESTABILITY = YES;
				GCC_C_LANGUAGE_STANDARD = gnu11;
				GCC_DYNAMIC_NO_PIC = NO;
				GCC_NO_COMMON_BLOCKS = YES;
				GCC_OPTIMIZATION_LEVEL = 0;
				GCC_PREPROCESSOR_DEFINITIONS = (
					"DEBUG=1",
					"$(inherited)",
				);
				GCC_WARN_64_TO_32_BIT_CONVERSION = YES;
				GCC_WARN_ABOUT_RETURN_TYPE = YES_ERROR;
				GCC_WARN_UNDECLARED_SELECTOR = YES;
				GCC_WARN_UNINITIALIZED_AUTOS = YES_AGGRESSIVE;
				GCC_WARN_UNUSED_FUNCTION = YES;
				GCC_WARN_UNUSED_VARIABLE = YES;
				IPHONEOS_DEPLOYMENT_TARGET = 12.1;
				MTL_ENABLE_DEBUG_INFO = INCLUDE_SOURCE;
				MTL_FAST_MATH = YES;
				ONLY_ACTIVE_ARCH = YES;
				SDKROOT = iphoneos;
				SWIFT_ACTIVE_COMPILATION_CONDITIONS = DEBUG;
				SWIFT_OPTIMIZATION_LEVEL = "-Onone";
			};
			name = Debug;
		};
		D08EBA8321F9FA5300B63F02 /* Release */ = {
			isa = XCBuildConfiguration;
			buildSettings = {
				ALWAYS_SEARCH_USER_PATHS = NO;
				CLANG_ANALYZER_NONNULL = YES;
				CLANG_ANALYZER_NUMBER_OBJECT_CONVERSION = YES_AGGRESSIVE;
				CLANG_CXX_LANGUAGE_STANDARD = "gnu++14";
				CLANG_CXX_LIBRARY = "libc++";
				CLANG_ENABLE_MODULES = YES;
				CLANG_ENABLE_OBJC_ARC = YES;
				CLANG_ENABLE_OBJC_WEAK = YES;
				CLANG_WARN_BLOCK_CAPTURE_AUTORELEASING = YES;
				CLANG_WARN_BOOL_CONVERSION = YES;
				CLANG_WARN_COMMA = YES;
				CLANG_WARN_CONSTANT_CONVERSION = YES;
				CLANG_WARN_DEPRECATED_OBJC_IMPLEMENTATIONS = YES;
				CLANG_WARN_DIRECT_OBJC_ISA_USAGE = YES_ERROR;
				CLANG_WARN_DOCUMENTATION_COMMENTS = YES;
				CLANG_WARN_EMPTY_BODY = YES;
				CLANG_WARN_ENUM_CONVERSION = YES;
				CLANG_WARN_INFINITE_RECURSION = YES;
				CLANG_WARN_INT_CONVERSION = YES;
				CLANG_WARN_NON_LITERAL_NULL_CONVERSION = YES;
				CLANG_WARN_OBJC_IMPLICIT_RETAIN_SELF = YES;
				CLANG_WARN_OBJC_LITERAL_CONVERSION = YES;
				CLANG_WARN_OBJC_ROOT_CLASS = YES_ERROR;
				CLANG_WARN_RANGE_LOOP_ANALYSIS = YES;
				CLANG_WARN_STRICT_PROTOTYPES = YES;
				CLANG_WARN_SUSPICIOUS_MOVE = YES;
				CLANG_WARN_UNGUARDED_AVAILABILITY = YES_AGGRESSIVE;
				CLANG_WARN_UNREACHABLE_CODE = YES;
				CLANG_WARN__DUPLICATE_METHOD_MATCH = YES;
				CODE_SIGN_IDENTITY = "iPhone Developer";
				COPY_PHASE_STRIP = NO;
				DEBUG_INFORMATION_FORMAT = "dwarf-with-dsym";
				ENABLE_NS_ASSERTIONS = NO;
				ENABLE_STRICT_OBJC_MSGSEND = YES;
				GCC_C_LANGUAGE_STANDARD = gnu11;
				GCC_NO_COMMON_BLOCKS = YES;
				GCC_WARN_64_TO_32_BIT_CONVERSION = YES;
				GCC_WARN_ABOUT_RETURN_TYPE = YES_ERROR;
				GCC_WARN_UNDECLARED_SELECTOR = YES;
				GCC_WARN_UNINITIALIZED_AUTOS = YES_AGGRESSIVE;
				GCC_WARN_UNUSED_FUNCTION = YES;
				GCC_WARN_UNUSED_VARIABLE = YES;
				IPHONEOS_DEPLOYMENT_TARGET = 12.1;
				MTL_ENABLE_DEBUG_INFO = NO;
				MTL_FAST_MATH = YES;
				SDKROOT = iphoneos;
				SWIFT_COMPILATION_MODE = wholemodule;
				SWIFT_OPTIMIZATION_LEVEL = "-O";
				VALIDATE_PRODUCT = YES;
			};
			name = Release;
		};
		D08EBA8521F9FA5300B63F02 /* Debug */ = {
			isa = XCBuildConfiguration;
			baseConfigurationReference = 2B212375E38DDB05CACE3970 /* Pods-Quiz.debug.xcconfig */;
			buildSettings = {
				ASSETCATALOG_COMPILER_APPICON_NAME = AppIcon;
				CODE_SIGN_STYLE = Automatic;
				DEVELOPMENT_TEAM = 7RPFL7EXKD;
				INFOPLIST_FILE = Quiz/Info.plist;
				LD_RUNPATH_SEARCH_PATHS = (
					"$(inherited)",
					"@executable_path/Frameworks",
				);
				PRODUCT_BUNDLE_IDENTIFIER = m.dobashi.Quiz;
				PRODUCT_NAME = "$(TARGET_NAME)";
				SWIFT_VERSION = 5.0;
				TARGETED_DEVICE_FAMILY = "1,2";
			};
			name = Debug;
		};
		D08EBA8621F9FA5300B63F02 /* Release */ = {
			isa = XCBuildConfiguration;
			baseConfigurationReference = C4F748B74DA03903E708401A /* Pods-Quiz.release.xcconfig */;
			buildSettings = {
				ASSETCATALOG_COMPILER_APPICON_NAME = AppIcon;
				CODE_SIGN_STYLE = Automatic;
				DEVELOPMENT_TEAM = 7RPFL7EXKD;
				INFOPLIST_FILE = Quiz/Info.plist;
				LD_RUNPATH_SEARCH_PATHS = (
					"$(inherited)",
					"@executable_path/Frameworks",
				);
				PRODUCT_BUNDLE_IDENTIFIER = m.dobashi.Quiz;
				PRODUCT_NAME = "$(TARGET_NAME)";
				SWIFT_VERSION = 5.0;
				TARGETED_DEVICE_FAMILY = "1,2";
			};
			name = Release;
		};
		D08EBA8821F9FA5300B63F02 /* Debug */ = {
			isa = XCBuildConfiguration;
			baseConfigurationReference = 816DF889DF6F1E896F80F90E /* Pods-QuizTests.debug.xcconfig */;
			buildSettings = {
				ALWAYS_EMBED_SWIFT_STANDARD_LIBRARIES = YES;
				BUNDLE_LOADER = "$(TEST_HOST)";
				CODE_SIGN_STYLE = Automatic;
				DEVELOPMENT_TEAM = 7RPFL7EXKD;
				INFOPLIST_FILE = QuizTests/Info.plist;
				LD_RUNPATH_SEARCH_PATHS = (
					"$(inherited)",
					"@executable_path/Frameworks",
					"@loader_path/Frameworks",
				);
				PRODUCT_BUNDLE_IDENTIFIER = m.dobashi.QuizTests;
				PRODUCT_NAME = "$(TARGET_NAME)";
				SWIFT_VERSION = 5.0;
				TARGETED_DEVICE_FAMILY = "1,2";
				TEST_HOST = "$(BUILT_PRODUCTS_DIR)/Quiz.app/Quiz";
			};
			name = Debug;
		};
		D08EBA8921F9FA5300B63F02 /* Release */ = {
			isa = XCBuildConfiguration;
			baseConfigurationReference = 512A735B81AF93B2B9B36580 /* Pods-QuizTests.release.xcconfig */;
			buildSettings = {
				ALWAYS_EMBED_SWIFT_STANDARD_LIBRARIES = YES;
				BUNDLE_LOADER = "$(TEST_HOST)";
				CODE_SIGN_STYLE = Automatic;
				DEVELOPMENT_TEAM = 7RPFL7EXKD;
				INFOPLIST_FILE = QuizTests/Info.plist;
				LD_RUNPATH_SEARCH_PATHS = (
					"$(inherited)",
					"@executable_path/Frameworks",
					"@loader_path/Frameworks",
				);
				PRODUCT_BUNDLE_IDENTIFIER = m.dobashi.QuizTests;
				PRODUCT_NAME = "$(TARGET_NAME)";
				SWIFT_VERSION = 5.0;
				TARGETED_DEVICE_FAMILY = "1,2";
				TEST_HOST = "$(BUILT_PRODUCTS_DIR)/Quiz.app/Quiz";
			};
			name = Release;
		};
		D08EBA8B21F9FA5300B63F02 /* Debug */ = {
			isa = XCBuildConfiguration;
			baseConfigurationReference = 08ECC78016916AC7D5909939 /* Pods-QuizUITests.debug.xcconfig */;
			buildSettings = {
				ALWAYS_EMBED_SWIFT_STANDARD_LIBRARIES = YES;
				CODE_SIGN_STYLE = Automatic;
				DEVELOPMENT_TEAM = 7RPFL7EXKD;
				INFOPLIST_FILE = QuizUITests/Info.plist;
				LD_RUNPATH_SEARCH_PATHS = (
					"$(inherited)",
					"@executable_path/Frameworks",
					"@loader_path/Frameworks",
				);
				PRODUCT_BUNDLE_IDENTIFIER = m.dobashi.QuizUITests;
				PRODUCT_NAME = "$(TARGET_NAME)";
				SWIFT_VERSION = 5.0;
				TARGETED_DEVICE_FAMILY = "1,2";
				TEST_TARGET_NAME = Quiz;
			};
			name = Debug;
		};
		D08EBA8C21F9FA5300B63F02 /* Release */ = {
			isa = XCBuildConfiguration;
			baseConfigurationReference = 289131B7A5132FBB876FAD00 /* Pods-QuizUITests.release.xcconfig */;
			buildSettings = {
				ALWAYS_EMBED_SWIFT_STANDARD_LIBRARIES = YES;
				CODE_SIGN_STYLE = Automatic;
				DEVELOPMENT_TEAM = 7RPFL7EXKD;
				INFOPLIST_FILE = QuizUITests/Info.plist;
				LD_RUNPATH_SEARCH_PATHS = (
					"$(inherited)",
					"@executable_path/Frameworks",
					"@loader_path/Frameworks",
				);
				PRODUCT_BUNDLE_IDENTIFIER = m.dobashi.QuizUITests;
				PRODUCT_NAME = "$(TARGET_NAME)";
				SWIFT_VERSION = 5.0;
				TARGETED_DEVICE_FAMILY = "1,2";
				TEST_TARGET_NAME = Quiz;
			};
			name = Release;
		};
/* End XCBuildConfiguration section */

/* Begin XCConfigurationList section */
		D08EBA5721F9FA5100B63F02 /* Build configuration list for PBXProject "Quiz" */ = {
			isa = XCConfigurationList;
			buildConfigurations = (
				D08EBA8221F9FA5300B63F02 /* Debug */,
				D08EBA8321F9FA5300B63F02 /* Release */,
			);
			defaultConfigurationIsVisible = 0;
			defaultConfigurationName = Release;
		};
		D08EBA8421F9FA5300B63F02 /* Build configuration list for PBXNativeTarget "Quiz" */ = {
			isa = XCConfigurationList;
			buildConfigurations = (
				D08EBA8521F9FA5300B63F02 /* Debug */,
				D08EBA8621F9FA5300B63F02 /* Release */,
			);
			defaultConfigurationIsVisible = 0;
			defaultConfigurationName = Release;
		};
		D08EBA8721F9FA5300B63F02 /* Build configuration list for PBXNativeTarget "QuizTests" */ = {
			isa = XCConfigurationList;
			buildConfigurations = (
				D08EBA8821F9FA5300B63F02 /* Debug */,
				D08EBA8921F9FA5300B63F02 /* Release */,
			);
			defaultConfigurationIsVisible = 0;
			defaultConfigurationName = Release;
		};
		D08EBA8A21F9FA5300B63F02 /* Build configuration list for PBXNativeTarget "QuizUITests" */ = {
			isa = XCConfigurationList;
			buildConfigurations = (
				D08EBA8B21F9FA5300B63F02 /* Debug */,
				D08EBA8C21F9FA5300B63F02 /* Release */,
			);
			defaultConfigurationIsVisible = 0;
			defaultConfigurationName = Release;
		};
/* End XCConfigurationList section */
	};
	rootObject = D08EBA5421F9FA5100B63F02 /* Project object */;
}
